<?xml version="1.0" encoding="utf-8"?>
<Project ToolsVersion="4.0" xmlns="http://schemas.microsoft.com/developer/msbuild/2003">
  <ItemGroup>
    <Filter Include="Form Files">
      <UniqueIdentifier>{99349809-55BA-4b9d-BF79-8FDBB0286EB3}</UniqueIdentifier>
      <Extensions>ui</Extensions>
      <ParseFiles>false</ParseFiles>
    </Filter>
    <Filter Include="Form Files">
      <UniqueIdentifier>{99349809-55BA-4b9d-BF79-8FDBB0286EB3}</UniqueIdentifier>
      <Extensions>ui</Extensions>
      <ParseFiles>false</ParseFiles>
    </Filter>
    <Filter Include="Generated Files">
      <UniqueIdentifier>{71ED8ED8-ACB9-4CE9-BBE1-E00B30144E11}</UniqueIdentifier>
      <Extensions>cpp;c;cxx;moc;h;def;odl;idl;res;</Extensions>
    </Filter>
    <Filter Include="Generated Files">
      <UniqueIdentifier>{71ED8ED8-ACB9-4CE9-BBE1-E00B30144E11}</UniqueIdentifier>
      <Extensions>cpp;c;cxx;moc;h;def;odl;idl;res;</Extensions>
    </Filter>
    <Filter Include="Header Files">
      <UniqueIdentifier>{93995380-89BD-4b04-88EB-625FBE52EBFB}</UniqueIdentifier>
      <Extensions>h;hpp;hxx;hm;inl;inc;xsd</Extensions>
    </Filter>
    <Filter Include="Header Files">
      <UniqueIdentifier>{93995380-89BD-4b04-88EB-625FBE52EBFB}</UniqueIdentifier>
      <Extensions>h;hpp;hxx;hm;inl;inc;xsd</Extensions>
    </Filter>
    <Filter Include="Resource Files">
      <UniqueIdentifier>{D9D6E242-F8AF-46E4-B9FD-80ECBC20BA3E}</UniqueIdentifier>
      <Extensions>qrc;*</Extensions>
      <ParseFiles>false</ParseFiles>
    </Filter>
    <Filter Include="Resource Files">
      <UniqueIdentifier>{D9D6E242-F8AF-46E4-B9FD-80ECBC20BA3E}</UniqueIdentifier>
      <Extensions>qrc;*</Extensions>
      <ParseFiles>false</ParseFiles>
    </Filter>
    <Filter Include="Source Files">
      <UniqueIdentifier>{4FC737F1-C7A5-4376-A066-2A32D752A2FF}</UniqueIdentifier>
      <Extensions>cpp;c;cxx;def;odl;idl;hpj;bat;asm;asmx</Extensions>
    </Filter>
    <Filter Include="Source Files">
      <UniqueIdentifier>{4FC737F1-C7A5-4376-A066-2A32D752A2FF}</UniqueIdentifier>
      <Extensions>cpp;c;cxx;def;odl;idl;hpj;bat;asm;asmx</Extensions>
    </Filter>
    <Filter Include="Generated Files\Debug">
      <UniqueIdentifier>{62d8b437-fbba-4173-9ef6-f89ddeeca348}</UniqueIdentifier>
      <Extensions>cpp;moc</Extensions>
      <SourceControlFiles>False</SourceControlFiles>
    </Filter>
    <Filter Include="Generated Files\Release">
      <UniqueIdentifier>{2014a61e-fa8c-4701-ba88-d582ac395489}</UniqueIdentifier>
      <Extensions>cpp;moc</Extensions>
      <SourceControlFiles>False</SourceControlFiles>
    </Filter>
  </ItemGroup>
  <ItemGroup>
    <ClCompile Include="codeeditor.cpp">
      <Filter>Source Files</Filter>
    </ClCompile>
    <ClCompile Include="dialogbuilddocumentation.cpp">
      <Filter>Source Files</Filter>
    </ClCompile>
    <ClCompile Include="dialogcopyrighteditor.cpp">
      <Filter>Source Files</Filter>
    </ClCompile>
    <ClCompile Include="dialogprojectdocumentationeditor.cpp">
      <Filter>Source Files</Filter>
    </ClCompile>
    <ClCompile Include="dialogsettings.cpp">
      <Filter>Source Files</Filter>
    </ClCompile>
    <ClCompile Include="highlighter.cpp">
      <Filter>Source Files</Filter>
    </ClCompile>
    <ClCompile Include="main.cpp">
      <Filter>Source Files</Filter>
    </ClCompile>
    <ClCompile Include="mainwindow.cpp">
      <Filter>Source Files</Filter>
    </ClCompile>
    <ClCompile Include="Debug\moc_codeeditor.cpp">
      <Filter>Generated Files\Debug</Filter>
    </ClCompile>
    <ClCompile Include="Release\moc_codeeditor.cpp">
      <Filter>Generated Files\Release</Filter>
    </ClCompile>
    <ClCompile Include="Debug\moc_dialogbuilddocumentation.cpp">
      <Filter>Generated Files\Debug</Filter>
    </ClCompile>
    <ClCompile Include="Release\moc_dialogbuilddocumentation.cpp">
      <Filter>Generated Files\Release</Filter>
    </ClCompile>
    <ClCompile Include="Debug\moc_dialogcopyrighteditor.cpp">
      <Filter>Generated Files\Debug</Filter>
    </ClCompile>
    <ClCompile Include="Release\moc_dialogcopyrighteditor.cpp">
      <Filter>Generated Files\Release</Filter>
    </ClCompile>
    <ClCompile Include="Debug\moc_dialogprojectdocumentationeditor.cpp">
      <Filter>Generated Files\Debug</Filter>
    </ClCompile>
    <ClCompile Include="Release\moc_dialogprojectdocumentationeditor.cpp">
      <Filter>Generated Files\Release</Filter>
    </ClCompile>
    <ClCompile Include="Debug\moc_dialogsettings.cpp">
      <Filter>Generated Files\Debug</Filter>
    </ClCompile>
    <ClCompile Include="Release\moc_dialogsettings.cpp">
      <Filter>Generated Files\Release</Filter>
    </ClCompile>
    <ClCompile Include="Debug\moc_highlighter.cpp">
      <Filter>Generated Files\Debug</Filter>
    </ClCompile>
    <ClCompile Include="Release\moc_highlighter.cpp">
      <Filter>Generated Files\Release</Filter>
    </ClCompile>
    <ClCompile Include="Debug\moc_mainwindow.cpp">
      <Filter>Generated Files\Debug</Filter>
    </ClCompile>
    <ClCompile Include="Release\moc_mainwindow.cpp">
      <Filter>Generated Files\Release</Filter>
    </ClCompile>
    <ClCompile Include="GeneratedFiles\qrc_markdowneditor.cpp">
      <Filter>Generated Files</Filter>
    </ClCompile>
  </ItemGroup>
  <ItemGroup>
    <CustomBuild Include="codeeditor.h">
      <Filter>Header Files</Filter>
    </CustomBuild>
    <CustomBuild Include="dialogbuilddocumentation.h">
      <Filter>Header Files</Filter>
    </CustomBuild>
    <CustomBuild Include="dialogcopyrighteditor.h">
      <Filter>Header Files</Filter>
    </CustomBuild>
    <CustomBuild Include="dialogprojectdocumentationeditor.h">
      <Filter>Header Files</Filter>
    </CustomBuild>
    <CustomBuild Include="dialogsettings.h">
      <Filter>Header Files</Filter>
    </CustomBuild>
    <CustomBuild Include="highlighter.h">
      <Filter>Header Files</Filter>
    </CustomBuild>
    <CustomBuild Include="mainwindow.h">
      <Filter>Header Files</Filter>
    </CustomBuild>
  </ItemGroup>
  <ItemGroup>
    <CustomBuild Include="dialogbuilddocumentation.ui">
      <Filter>Form Files</Filter>
    </CustomBuild>
    <CustomBuild Include="dialogcopyrighteditor.ui">
      <Filter>Form Files</Filter>
    </CustomBuild>
    <CustomBuild Include="dialogprojectdocumentationeditor.ui">
      <Filter>Form Files</Filter>
    </CustomBuild>
    <CustomBuild Include="dialogsettings.ui">
      <Filter>Form Files</Filter>
    </CustomBuild>
    <CustomBuild Include="mainwindow.ui">
      <Filter>Form Files</Filter>
    </CustomBuild>
  </ItemGroup>
  <ItemGroup>
    <None Include="..\lib\resources\index.html">
      <Filter>Resource Files</Filter>
    </None>
    <None Include="..\lib\resources\markdown.css">
      <Filter>Resource Files</Filter>
    </None>
    <CustomBuild Include="..\lib\resources\markdowneditor.qrc">
      <Filter>Resource Files</Filter>
    </CustomBuild>
    <None Include="..\lib\resources\marked.min.js">
      <Filter>Resource Files</Filter>
    </None>
    <None Include="..\lib\resources\qwebchannel.js">
      <Filter>Resource Files</Filter>
    </None>
  </ItemGroup>
  <ItemGroup>
    <ResourceCompile Include="cs8DocEditor.rc" />
  </ItemGroup>
  <ItemGroup>
    <ClInclude Include="GeneratedFiles\ui_dialogbuilddocumentation.h">
      <Filter>Generated Files</Filter>
    </ClInclude>
    <ClInclude Include="GeneratedFiles\ui_dialogcopyrighteditor.h">
      <Filter>Generated Files</Filter>
    </ClInclude>
    <ClInclude Include="GeneratedFiles\ui_dialogprojectdocumentationeditor.h">
      <Filter>Generated Files</Filter>
    </ClInclude>
    <ClInclude Include="GeneratedFiles\ui_dialogsettings.h">
      <Filter>Generated Files</Filter>
    </ClInclude>
    <ClInclude Include="GeneratedFiles\ui_mainwindow.h">
      <Filter>Generated Files</Filter>
    </ClInclude>
  </ItemGroup>
</Project>